
Microsoft Visual Studio Solution File, Format Version 12.00
# Visual Studio 15
VisualStudioVersion = 15.0.28010.2046
MinimumVisualStudioVersion = 10.0.40219.1
Project("{FAE04EC0-301F-11D3-BF4B-00C04F79EFBC}") = "Indovinello", "Indovinello\Indovinello.csproj", "{C6BC60CD-36D2-4CA2-B3C1-2564A5F6F554}"
EndProject
Global
	GlobalSection(SolutionConfigurationPlatforms) = preSolution
		Debug|Any CPU = Debug|Any CPU
		Release|Any CPU = Release|Any CPU
	EndGlobalSection
	GlobalSection(ProjectConfigurationPlatforms) = postSolution
		{C6BC60CD-36D2-4CA2-B3C1-2564A5F6F554}.Debug|Any CPU.ActiveCfg = Debug|Any CPU
		{C6BC60CD-36D2-4CA2-B3C1-2564A5F6F554}.Debug|Any CPU.Build.0 = Debug|Any CPU
		{C6BC60CD-36D2-4CA2-B3C1-2564A5F6F554}.Release|Any CPU.ActiveCfg = Release|Any CPU
		{C6BC60CD-36D2-4CA2-B3C1-2564A5F6F554}.Release|Any CPU.Build.0 = Release|Any CPU
	EndGlobalSection
	GlobalSection(SolutionProperties) = preSolution
		HideSolutionNode = FALSE
	EndGlobalSection
	GlobalSection(ExtensibilityGlobals) = postSolution
		SolutionGuid = {D97B3824-C489-46C7-BA83-5480A7AFBA08}
	EndGlobalSection
EndGlobal
